{
  "lockfileVersion": 1,
  "configVersion": 1,
  "workspaces": {
    "": {
      "name": "orbit",
      "devDependencies": {
        "@biomejs/biome": "2.5.11",
        "@orbit/tsconfig": "workspace:*",
        "@types/bun": "^1.4.0",
        "husky": "^9.1.7",
        "lint-staged": "^17.4.1",
        "typescript": "^7.1.0-dev.20260902.1",
      },
    },
    "packages/tsconfig": {
      "name": "@orbit/tsconfig",
      "version": "0.0.0",
    },
  },
  "packages": {
    "@biomejs/biome": ["@biomejs/biome@2.5.11", "", { "optionalDependencies": { "@biomejs/cli-darwin-arm64": "2.5.11", "@biomejs/cli-darwin-x64": "2.5.11", "@biomejs/cli-linux-arm64": "2.5.11", "@biomejs/cli-linux-arm64-musl": "2.5.11", "@biomejs/cli-linux-x64": "2.5.11", "@biomejs/cli-linux-x64-musl": "2.5.11", "@biomejs/cli-win32-arm64": "2.5.11", "@biomejs/cli-win32-x64": "2.5.11" }, "bin": { "biome": "bin/biome" } }, "sha512-Tj0dnkLPdW0ASjHfj2D/ZkkvPU2wrFmnE1jWTD2xzV1ycapV1DutbYXk4NDnR3rYTi1ZCbNFD4G2gRMEY65WaA=="],

    "@biomejs/cli-darwin-arm64": ["@biomejs/cli-darwin-arm64@2.5.11", "", { "os": "darwin", "cpu": "arm64" }, "sha512-6SGZxoKbXvUjMn1t6A98HqWISPnGNbYs0R/Rt2JarmXBSev+lva4QxUMWEBX9lX1Wo1XTJ78uk5xVDtG58SRZg=="],

    "@biomejs/cli-darwin-x64": ["@biomejs/cli-darwin-x64@2.5.11", "", { "os": "darwin", "cpu": "x64" }, "sha512-nYkXY7tLBEgnGbYapDKAyKzgt44ZEyG+AKalvTXtCWKYgepI9dw327q+cVgedxm+Udi1ZzHKUyZrIusHi/KQbw=="],

    "@biomejs/cli-linux-arm64": ["@biomejs/cli-linux-arm64@2.5.11", "", { "os": "linux", "cpu": "arm64" }, "sha512-3PVLSTD9RR73rvVPt5G3T1gc+ycggWEGfTD7RvzzbtcDPD27NxgxBbAFfpm7DXJKW6VLHWE1lLMGvFt2Qxjcow=="],

    "@biomejs/cli-linux-arm64-musl": ["@biomejs/cli-linux-arm64-musl@2.5.11", "", { "os": "linux", "cpu": "arm64" }, "sha512-qhyZUMyCbWYFV2bAwRNVvfMVZ+hv7WYl6mossGrxC+uiQQXhvsuWWU8zz6jYX0mChZd9MgQZbm4vozTmG/5iGw=="],

    "@biomejs/cli-linux-x64": ["@biomejs/cli-linux-x64@2.5.11", "", { "os": "linux", "cpu": "x64" }, "sha512-JOytptlsgM33B2MMFUg8iBrb4IKpbD5JnJrSeYiaFEeAj4vuXx0iQSQZ4qK7sqyMtfjZxxPdNdMZZVL4y/mFyA=="],

    "@biomejs/cli-linux-x64-musl": ["@biomejs/cli-linux-x64-musl@2.5.11", "", { "os": "linux", "cpu": "x64" }, "sha512-oRRlrchG5EfrEL/EmtT1qUjSNHk3/5LGeZhQqADBBAJF1b1ET6964xEKe7aGlGARzDfza8H/seEsFJl7S6Ql9w=="],

    "@biomejs/cli-win32-arm64": ["@biomejs/cli-win32-arm64@2.5.11", "", { "os": "win32", "cpu": "arm64" }, "sha512-e49E6K9hzH/ohJNx8Y26mY8HaV4I4ZViIeoqhKsmoXLKHhQnMeBAVqCgsGf2Wa3lXlS7RkporDXMHHWkzvZzFw=="],

    "@biomejs/cli-win32-x64": ["@biomejs/cli-win32-x64@2.5.11", "", { "os": "win32", "cpu": "x64" }, "sha512-QSQr/KjOgXA7OzXJUWS+oguKyAZ3Q0l/lnlDGbu397eKo83atuWUjBPJrsqbKNF6CARGw8XXJLGzpHC8Ryhd4Q=="],

    "@orbit/tsconfig": ["@orbit/tsconfig@workspace:packages/tsconfig"],

    "@types/bun": ["@types/bun@1.4.0", "", { "dependencies": { "bun-types": "1.4.0" } }, "sha512-K+lZULY23vRgK/CfTjFIV+tyifaNdSMlPh9j+6mQ/cLfpOznLyAuzgV/JQysyECpkBQLVMSyvjlr2fBUSA9wFQ=="],

    "@types/node": ["@types/node@26.4.1", "", { "dependencies": { "undici-types": "~8.3.0" } }, "sha512-k97ENvZWtvA6yqz5/FS6a7duDgOPEeOQOc2iKS/nY6mX6qJUKtLnWzQS+Xj6tXweyj6ZcTAK2Qecetnvi9nCLA=="],

    "@typescript/typescript-darwin-arm64": ["@typescript/typescript-darwin-arm64@7.1.0-dev.20260902.1", "", { "os": "darwin", "cpu": "arm64" }, "sha512-CA5l2WDJRJrk0AkyBBMorxT/oAbsXmjB7LneTtc88Ks000rs3iGhsWz/qVJOP5ag0eGdbGRqtTwvOg7nz58LdA=="],

    "@typescript/typescript-darwin-x64": ["@typescript/typescript-darwin-x64@7.1.0-dev.20260902.1", "", { "os": "darwin", "cpu": "x64" }, "sha512-jBiYLWdG8LHgixue3ceaiZvT+M2pFOh0Jb1ej35PTQboiPpDSFN5vzZ15/AKo6ZQ3OYjNEKP2s5XDyZGuSYNYg=="],

    "@typescript/typescript-linux-arm": ["@typescript/typescript-linux-arm@7.1.0-dev.20260902.1", "", { "os": "linux", "cpu": "arm" }, "sha512-0kI7EfWXjyB13BxiAcARVsB0eKJJQh8pMczwPaKBcIE5+VAqbv7AamVepLMpsv/oKjsL7+f5HryXG+W6HwHwQQ=="],

    "@typescript/typescript-linux-arm64": ["@typescript/typescript-linux-arm64@7.1.0-dev.20260902.1", "", { "os": "linux", "cpu": "arm64" }, "sha512-/qsGWNMazEckdc3IIBzfvjCWkDFBvY62X/gvI6XZdDiKeBXkutrsRDMbk6uSQdahbNP2nrbVKADb6DXDsRelMA=="],

    "@typescript/typescript-linux-x64": ["@typescript/typescript-linux-x64@7.1.0-dev.20260902.1", "", { "os": "linux", "cpu": "x64" }, "sha512-hU6qGOIoP7IGwks9evV6tSo00/Ltf6O8zHXNfbtRtZCRqZApcQqvZO6LeQ+ZXSMW8EB2E8F8oAMyB2Cn/FfXDw=="],

    "@typescript/typescript-win32-arm64": ["@typescript/typescript-win32-arm64@7.1.0-dev.20260902.1", "", { "os": "win32", "cpu": "arm64" }, "sha512-v/6XoF+t5wRoiiFa34SPPVXWAy9G3M84mQlKa24z2jy38F1pxwqm41yenvIiMjcPIK1XjwBjeF1kHqr1J43Ziw=="],

    "@typescript/typescript-win32-x64": ["@typescript/typescript-win32-x64@7.1.0-dev.20260902.1", "", { "os": "win32", "cpu": "x64" }, "sha512-GWmDz4WWi+Fl6OHoLIsZ3LKvGN1zOERPXHFxGhkeVqf/vDiYPi4AHmMpIJC3I5zLc4Ekxavgp0acdEKXjb2GNA=="],

    "bun-types": ["bun-types@1.4.0", "", { "dependencies": { "@types/node": "*" } }, "sha512-iIKw23BspnQQYd3prITOBxeUsxBHnwzX6YJfGMuNOZzeNcMmVqzIIVGRm1l69ogaPQmb4wB6BN8mA5bE9YuC5Q=="],

    "husky": ["husky@9.1.7", "", { "bin": { "husky": "bin.js" } }, "sha512-5gs5ytaNjBrh5Ow3zrvdUUY+0VxIuWVL4i9irt6friV+BqdCfmV11CQTWMiBYWHbXhco+J1kHfTOUkePhCDvMA=="],

    "lint-staged": ["lint-staged@17.4.1", "", { "dependencies": { "picomatch": "^4.0.7", "string-argv": "^0.3.2", "tinyexec": "^1.3.0" }, "optionalDependencies": { "yaml": "^2.9.0" }, "bin": { "lint-staged": "bin/lint-staged.js" } }, "sha512-FmJeudcalbSfg1du+JCfvi5vS6Qt08KgbfLWiHinbef+2JJwUZwAWVoaO1AcJVUTWPfk0t30PMQNwPAeCzYQ+Q=="],

    "picomatch": ["picomatch@4.0.7", "", {}, "sha512-qcJu88Q2IWqJsDD529JKMdwGm/dvInW4HvQnRwiH9JtihJvzGOscDtHE3x1pBKeUOTysQ8kVmLnJ2kJu7yhcGA=="],

    "string-argv": ["string-argv@0.3.2", "", {}, "sha512-aqD2Q0144Z+/RqG52NeHEkZauTAUWJO8c6yTftGJKO3Tja5tUgIfmIl6kExvhtxSDP7fXB6DvzkfMpCd/F3G+Q=="],

    "tinyexec": ["tinyexec@1.3.0", "", {}, "sha512-QKAl9m8gWWGHV8jZcPeym6j+XULi6tOf1mT83WYJ4Lk2ytW/uwAWkrP0uFsdoYMdueVJ0qs26wZ+23xeB4ibNQ=="],

    "typescript": ["typescript@7.1.0-dev.20260902.1", "", { "optionalDependencies": { "@typescript/typescript-darwin-arm64": "7.1.0-dev.20260902.1", "@typescript/typescript-darwin-x64": "7.1.0-dev.20260902.1", "@typescript/typescript-linux-arm": "7.1.0-dev.20260902.1", "@typescript/typescript-linux-arm64": "7.1.0-dev.20260902.1", "@typescript/typescript-linux-x64": "7.1.0-dev.20260902.1", "@typescript/typescript-win32-arm64": "7.1.0-dev.20260902.1", "@typescript/typescript-win32-x64": "7.1.0-dev.20260902.1" }, "bin": { "tsc": "bin/tsc" } }, "sha512-Q+H2lm/zA8dhOyxUNmIIAqdAB9OkMMuDKsUg8hsTKBpkFLEtlHj8KzWSxuAEiSSgopI4cpltGeTmp+It2LuASQ=="],

    "undici-types": ["undici-types@8.3.0", "", {}, "sha512-j375ScV60dom+YkPFIfTLcOiPxkN/buHz5GobjLhixFuANaNs3C9l4GmrWqejgXWJ7BbJcFYpTEUkS1Ge8bpZQ=="],

    "yaml": ["yaml@2.9.0", "", { "bin": { "yaml": "bin.mjs" } }, "sha512-2AvhNX3mb8zd6Zy7INTtSpl1F15HW6Wnqj0srWlkKLcpYl/gMIMJiyuGq2KeI2YFxUPjdlB+3Lc10seMLtL4cA=="],
  }
}
